Microsoft Visual Studio Solution File, Format Version 12.00
# Visual Studio 15
VisualStudioVersion = 15.0.28307.168
MinimumVisualStudioVersion = 10.0.40219.1
Project("{2150E333-8FDC-42A3-9474-1A3956D46DE8}") = "iOS", "iOS", "{8441BBEB-F049-4192-867C-863A404ACACB}"
EndProject
Project("{2150E333-8FDC-42A3-9474-1A3956D46DE8}") = "Android", "Android", "{8E32D121-0C22-4442-AF8A-B1FD058E391F}"
EndProject
Project("{2150E333-8FDC-42A3-9474-1A3956D46DE8}") = "UWP", "UWP", "{DEEFE691-9C6F-4B56-99B1-ECB44027B126}"
EndProject
Project("{2150E333-8FDC-42A3-9474-1A3956D46DE8}") = "macOS", "macOS", "{06016202-A931-45E9-A0A6-733A6F7F0D69}"
EndProject
Project("{FAE04EC0-301F-11D3-BF4B-00C04F79EFBC}") = "MvvmQuiz.iOS", "MvvmQuiz.iOS\MvvmQuiz.iOS.csproj", "{F9C4BF1A-6709-46CA-AD06-12BE4107B464}"
EndProject
Project("{FAE04EC0-301F-11D3-BF4B-00C04F79EFBC}") = "MvvmQuiz.iOS.UITests", "MvvmQuiz.iOS.UITests\MvvmQuiz.iOS.UITests.csproj", "{DEA60F70-3E84-4E2F-84A6-75EF09B0D627}"
EndProject
Project("{FAE04EC0-301F-11D3-BF4B-00C04F79EFBC}") = "MvvmQuiz.Droid", "MvvmQuiz.Droid\MvvmQuiz.Droid.csproj", "{75A3E09C-C1AB-47D1-B8CB-E67540D07282}"
EndProject
Project("{FAE04EC0-301F-11D3-BF4B-00C04F79EFBC}") = "MvvmQuiz.Droid.UITests", "MvvmQuiz.Droid.UITests\MvvmQuiz.Droid.UITests.csproj", "{CAD5CA20-3D19-43FB-82C7-DC89F966E3C4}"
EndProject
Project("{FAE04EC0-301F-11D3-BF4B-00C04F79EFBC}") = "MvvmQuiz.macOS", "MvvmQuiz.macOS\MvvmQuiz.macOS.csproj", "{0DFDC89E-B12C-42D0-AD5B-32E4B2F7061E}"
EndProject
Project("{9A19103F-16F7-4668-BE54-9A1E7A4F7556}") = "MvvmQuiz.Forms.UI", "MvvmQuiz.Forms.UI\MvvmQuiz.Forms.UI.csproj", "{BEE647ED-5119-41E0-AC42-218F5C112029}"
EndProject
Project("{9A19103F-16F7-4668-BE54-9A1E7A4F7556}") = "MvvmQuiz.Forms.UITests", "MvvmQuiz.Forms.UITests\MvvmQuiz.Forms.UITests.csproj", "{4B0A33FE-9E2C-4EC2-95CB-AF359FDABAFD}"
EndProject
Project("{FAE04EC0-301F-11D3-BF4B-00C04F79EFBC}") = "MvvmQuiz.UWP", "MvvmQuiz.UWP\MvvmQuiz.UWP.csproj", "{11BC5FCC-D48D-48AB-BD8D-5C1366297E7A}"
EndProject
Project("{FAE04EC0-301F-11D3-BF4B-00C04F79EFBC}") = "MvvmQuiz.Core.UnitTests", "MvvmQuiz.Core.UnitTests\MvvmQuiz.Core.UnitTests.csproj", "{F55A2086-D6BC-43CB-88A7-C0AF66CBF397}"
EndProject
Project("{FAE04EC0-301F-11D3-BF4B-00C04F79EFBC}") = "MvvmQuiz.Core", "MvvmQuiz.Core\MvvmQuiz.Core.csproj", "{64E41458-28A2-4564-B9D4-8E1A2FCB7195}"
EndProject
Global
	GlobalSection(SolutionConfigurationPlatforms) = preSolution
		Debug|Any CPU = Debug|Any CPU
		Debug|ARM = Debug|ARM
		Debug|ARM64 = Debug|ARM64
		Debug|iPhone = Debug|iPhone
		Debug|iPhoneSimulator = Debug|iPhoneSimulator
		Debug|x64 = Debug|x64
		Debug|x86 = Debug|x86
		Release|Any CPU = Release|Any CPU
		Release|ARM = Release|ARM
		Release|ARM64 = Release|ARM64
		Release|iPhone = Release|iPhone
		Release|iPhoneSimulator = Release|iPhoneSimulator
		Release|x64 = Release|x64
		Release|x86 = Release|x86
	EndGlobalSection
	GlobalSection(ProjectConfigurationPlatforms) = postSolution
		{F9C4BF1A-6709-46CA-AD06-12BE4107B464}.Debug|Any CPU.ActiveCfg = Debug|iPhoneSimulator
		{F9C4BF1A-6709-46CA-AD06-12BE4107B464}.Debug|Any CPU.Build.0 = Debug|iPhoneSimulator
		{F9C4BF1A-6709-46CA-AD06-12BE4107B464}.Debug|ARM.ActiveCfg = Debug|iPhone
		{F9C4BF1A-6709-46CA-AD06-12BE4107B464}.Debug|ARM64.ActiveCfg = Debug|iPhone
		{F9C4BF1A-6709-46CA-AD06-12BE4107B464}.Debug|iPhone.ActiveCfg = Debug|iPhone
		{F9C4BF1A-6709-46CA-AD06-12BE4107B464}.Debug|iPhone.Build.0 = Debug|iPhone
		{F9C4BF1A-6709-46CA-AD06-12BE4107B464}.Debug|iPhoneSimulator.ActiveCfg = Debug|iPhoneSimulator
		{F9C4BF1A-6709-46CA-AD06-12BE4107B464}.Debug|iPhoneSimulator.Build.0 = Debug|iPhoneSimulator
		{F9C4BF1A-6709-46CA-AD06-12BE4107B464}.Debug|x64.ActiveCfg = Debug|iPhone
		{F9C4BF1A-6709-46CA-AD06-12BE4107B464}.Debug|x86.ActiveCfg = Debug|iPhone
		{F9C4BF1A-6709-46CA-AD06-12BE4107B464}.Release|Any CPU.ActiveCfg = Release|iPhone
		{F9C4BF1A-6709-46CA-AD06-12BE4107B464}.Release|Any CPU.Build.0 = Release|iPhone
		{F9C4BF1A-6709-46CA-AD06-12BE4107B464}.Release|ARM.ActiveCfg = Release|iPhoneSimulator
		{F9C4BF1A-6709-46CA-AD06-12BE4107B464}.Release|ARM64.ActiveCfg = Release|iPhoneSimulator
		{F9C4BF1A-6709-46CA-AD06-12BE4107B464}.Release|iPhone.ActiveCfg = Release|iPhone
		{F9C4BF1A-6709-46CA-AD06-12BE4107B464}.Release|iPhone.Build.0 = Release|iPhone
		{F9C4BF1A-6709-46CA-AD06-12BE4107B464}.Release|iPhoneSimulator.ActiveCfg = Release|iPhoneSimulator
		{F9C4BF1A-6709-46CA-AD06-12BE4107B464}.Release|iPhoneSimulator.Build.0 = Release|iPhoneSimulator
		{F9C4BF1A-6709-46CA-AD06-12BE4107B464}.Release|x64.ActiveCfg = Release|iPhoneSimulator
		{F9C4BF1A-6709-46CA-AD06-12BE4107B464}.Release|x86.ActiveCfg = Release|iPhoneSimulator
		{DEA60F70-3E84-4E2F-84A6-75EF09B0D627}.Debug|Any CPU.ActiveCfg = Debug|Any CPU
		{DEA60F70-3E84-4E2F-84A6-75EF09B0D627}.Debug|Any CPU.Build.0 = Debug|Any CPU
		{DEA60F70-3E84-4E2F-84A6-75EF09B0D627}.Debug|ARM.ActiveCfg = Debug|Any CPU
		{DEA60F70-3E84-4E2F-84A6-75EF09B0D627}.Debug|ARM64.ActiveCfg = Debug|Any CPU
		{DEA60F70-3E84-4E2F-84A6-75EF09B0D627}.Debug|iPhone.ActiveCfg = Debug|Any CPU
		{DEA60F70-3E84-4E2F-84A6-75EF09B0D627}.Debug|iPhone.Build.0 = Debug|Any CPU
		{DEA60F70-3E84-4E2F-84A6-75EF09B0D627}.Debug|iPhoneSimulator.ActiveCfg = Debug|Any CPU
		{DEA60F70-3E84-4E2F-84A6-75EF09B0D627}.Debug|iPhoneSimulator.Build.0 = Debug|Any CPU
		{DEA60F70-3E84-4E2F-84A6-75EF09B0D627}.Debug|x64.ActiveCfg = Debug|Any CPU
		{DEA60F70-3E84-4E2F-84A6-75EF09B0D627}.Debug|x86.ActiveCfg = Debug|Any CPU
		{DEA60F70-3E84-4E2F-84A6-75EF09B0D627}.Release|Any CPU.ActiveCfg = Release|Any CPU
		{DEA60F70-3E84-4E2F-84A6-75EF09B0D627}.Release|Any CPU.Build.0 = Release|Any CPU
		{DEA60F70-3E84-4E2F-84A6-75EF09B0D627}.Release|ARM.ActiveCfg = Release|Any CPU
		{DEA60F70-3E84-4E2F-84A6-75EF09B0D627}.Release|ARM64.ActiveCfg = Release|Any CPU
		{DEA60F70-3E84-4E2F-84A6-75EF09B0D627}.Release|iPhone.ActiveCfg = Release|Any CPU
		{DEA60F70-3E84-4E2F-84A6-75EF09B0D627}.Release|iPhone.Build.0 = Release|Any CPU
		{DEA60F70-3E84-4E2F-84A6-75EF09B0D627}.Release|iPhoneSimulator.ActiveCfg = Release|Any CPU
		{DEA60F70-3E84-4E2F-84A6-75EF09B0D627}.Release|iPhoneSimulator.Build.0 = Release|Any CPU
		{DEA60F70-3E84-4E2F-84A6-75EF09B0D627}.Release|x64.ActiveCfg = Release|Any CPU
		{DEA60F70-3E84-4E2F-84A6-75EF09B0D627}.Release|x86.ActiveCfg = Release|Any CPU
		{75A3E09C-C1AB-47D1-B8CB-E67540D07282}.Debug|Any CPU.ActiveCfg = Debug|Any CPU
		{75A3E09C-C1AB-47D1-B8CB-E67540D07282}.Debug|Any CPU.Build.0 = Debug|Any CPU
		{75A3E09C-C1AB-47D1-B8CB-E67540D07282}.Debug|ARM.ActiveCfg = Debug|Any CPU
		{75A3E09C-C1AB-47D1-B8CB-E67540D07282}.Debug|ARM.Build.0 = Debug|Any CPU
		{75A3E09C-C1AB-47D1-B8CB-E67540D07282}.Debug|ARM.Deploy.0 = Debug|Any CPU
		{75A3E09C-C1AB-47D1-B8CB-E67540D07282}.Debug|ARM64.ActiveCfg = Debug|Any CPU
		{75A3E09C-C1AB-47D1-B8CB-E67540D07282}.Debug|ARM64.Build.0 = Debug|Any CPU
		{75A3E09C-C1AB-47D1-B8CB-E67540D07282}.Debug|ARM64.Deploy.0 = Debug|Any CPU
		{75A3E09C-C1AB-47D1-B8CB-E67540D07282}.Debug|iPhone.ActiveCfg = Debug|Any CPU
		{75A3E09C-C1AB-47D1-B8CB-E67540D07282}.Debug|iPhone.Build.0 = Debug|Any CPU
		{75A3E09C-C1AB-47D1-B8CB-E67540D07282}.Debug|iPhoneSimulator.ActiveCfg = Debug|Any CPU
		{75A3E09C-C1AB-47D1-B8CB-E67540D07282}.Debug|iPhoneSimulator.Build.0 = Debug|Any CPU
		{75A3E09C-C1AB-47D1-B8CB-E67540D07282}.Debug|x64.ActiveCfg = Debug|Any CPU
		{75A3E09C-C1AB-47D1-B8CB-E67540D07282}.Debug|x64.Build.0 = Debug|Any CPU
		{75A3E09C-C1AB-47D1-B8CB-E67540D07282}.Debug|x64.Deploy.0 = Debug|Any CPU
		{75A3E09C-C1AB-47D1-B8CB-E67540D07282}.Debug|x86.ActiveCfg = Debug|Any CPU
		{75A3E09C-C1AB-47D1-B8CB-E67540D07282}.Debug|x86.Build.0 = Debug|Any CPU
		{75A3E09C-C1AB-47D1-B8CB-E67540D07282}.Debug|x86.Deploy.0 = Debug|Any CPU
		{75A3E09C-C1AB-47D1-B8CB-E67540D07282}.Release|Any CPU.ActiveCfg = Release|Any CPU
		{75A3E09C-C1AB-47D1-B8CB-E67540D07282}.Release|Any CPU.Build.0 = Release|Any CPU
		{75A3E09C-C1AB-47D1-B8CB-E67540D07282}.Release|ARM.ActiveCfg = Release|Any CPU
		{75A3E09C-C1AB-47D1-B8CB-E67540D07282}.Release|ARM.Build.0 = Release|Any CPU
		{75A3E09C-C1AB-47D1-B8CB-E67540D07282}.Release|ARM.Deploy.0 = Release|Any CPU
		{75A3E09C-C1AB-47D1-B8CB-E67540D07282}.Release|ARM64.ActiveCfg = Release|Any CPU
		{75A3E09C-C1AB-47D1-B8CB-E67540D07282}.Release|ARM64.Build.0 = Release|Any CPU
		{75A3E09C-C1AB-47D1-B8CB-E67540D07282}.Release|ARM64.Deploy.0 = Release|Any CPU
		{75A3E09C-C1AB-47D1-B8CB-E67540D07282}.Release|iPhone.ActiveCfg = Release|Any CPU
		{75A3E09C-C1AB-47D1-B8CB-E67540D07282}.Release|iPhone.Build.0 = Release|Any CPU
		{75A3E09C-C1AB-47D1-B8CB-E67540D07282}.Release|iPhoneSimulator.ActiveCfg = Release|Any CPU
		{75A3E09C-C1AB-47D1-B8CB-E67540D07282}.Release|iPhoneSimulator.Build.0 = Release|Any CPU
		{75A3E09C-C1AB-47D1-B8CB-E67540D07282}.Release|x64.ActiveCfg = Release|Any CPU
		{75A3E09C-C1AB-47D1-B8CB-E67540D07282}.Release|x64.Build.0 = Release|Any CPU
		{75A3E09C-C1AB-47D1-B8CB-E67540D07282}.Release|x64.Deploy.0 = Release|Any CPU
		{75A3E09C-C1AB-47D1-B8CB-E67540D07282}.Release|x86.ActiveCfg = Release|Any CPU
		{75A3E09C-C1AB-47D1-B8CB-E67540D07282}.Release|x86.Build.0 = Release|Any CPU
		{75A3E09C-C1AB-47D1-B8CB-E67540D07282}.Release|x86.Deploy.0 = Release|Any CPU
		{CAD5CA20-3D19-43FB-82C7-DC89F966E3C4}.Debug|Any CPU.ActiveCfg = Debug|Any CPU
		{CAD5CA20-3D19-43FB-82C7-DC89F966E3C4}.Debug|Any CPU.Build.0 = Debug|Any CPU
		{CAD5CA20-3D19-43FB-82C7-DC89F966E3C4}.Debug|ARM.ActiveCfg = Debug|Any CPU
		{CAD5CA20-3D19-43FB-82C7-DC89F966E3C4}.Debug|ARM.Build.0 = Debug|Any CPU
		{CAD5CA20-3D19-43FB-82C7-DC89F966E3C4}.Debug|ARM64.ActiveCfg = Debug|Any CPU
		{CAD5CA20-3D19-43FB-82C7-DC89F966E3C4}.Debug|ARM64.Build.0 = Debug|Any CPU
		{CAD5CA20-3D19-43FB-82C7-DC89F966E3C4}.Debug|iPhone.ActiveCfg = Debug|Any CPU
		{CAD5CA20-3D19-43FB-82C7-DC89F966E3C4}.Debug|iPhone.Build.0 = Debug|Any CPU
		{CAD5CA20-3D19-43FB-82C7-DC89F966E3C4}.Debug|iPhoneSimulator.ActiveCfg = Debug|Any CPU
		{CAD5CA20-3D19-43FB-82C7-DC89F966E3C4}.Debug|iPhoneSimulator.Build.0 = Debug|Any CPU
		{CAD5CA20-3D19-43FB-82C7-DC89F966E3C4}.Debug|x64.ActiveCfg = Debug|Any CPU
		{CAD5CA20-3D19-43FB-82C7-DC89F966E3C4}.Debug|x64.Build.0 = Debug|Any CPU
		{CAD5CA20-3D19-43FB-82C7-DC89F966E3C4}.Debug|x86.ActiveCfg = Debug|Any CPU
		{CAD5CA20-3D19-43FB-82C7-DC89F966E3C4}.Debug|x86.Build.0 = Debug|Any CPU
		{CAD5CA20-3D19-43FB-82C7-DC89F966E3C4}.Release|Any CPU.ActiveCfg = Release|Any CPU
		{CAD5CA20-3D19-43FB-82C7-DC89F966E3C4}.Release|Any CPU.Build.0 = Release|Any CPU
		{CAD5CA20-3D19-43FB-82C7-DC89F966E3C4}.Release|ARM.ActiveCfg = Release|Any CPU
		{CAD5CA20-3D19-43FB-82C7-DC89F966E3C4}.Release|ARM.Build.0 = Release|Any CPU
		{CAD5CA20-3D19-43FB-82C7-DC89F966E3C4}.Release|ARM64.ActiveCfg = Release|Any CPU
		{CAD5CA20-3D19-43FB-82C7-DC89F966E3C4}.Release|ARM64.Build.0 = Release|Any CPU
		{CAD5CA20-3D19-43FB-82C7-DC89F966E3C4}.Release|iPhone.ActiveCfg = Release|Any CPU
		{CAD5CA20-3D19-43FB-82C7-DC89F966E3C4}.Release|iPhone.Build.0 = Release|Any CPU
		{CAD5CA20-3D19-43FB-82C7-DC89F966E3C4}.Release|iPhoneSimulator.ActiveCfg = Release|Any CPU
		{CAD5CA20-3D19-43FB-82C7-DC89F966E3C4}.Release|iPhoneSimulator.Build.0 = Release|Any CPU
		{CAD5CA20-3D19-43FB-82C7-DC89F966E3C4}.Release|x64.ActiveCfg = Release|Any CPU
		{CAD5CA20-3D19-43FB-82C7-DC89F966E3C4}.Release|x64.Build.0 = Release|Any CPU
		{CAD5CA20-3D19-43FB-82C7-DC89F966E3C4}.Release|x86.ActiveCfg = Release|Any CPU
		{CAD5CA20-3D19-43FB-82C7-DC89F966E3C4}.Release|x86.Build.0 = Release|Any CPU
		{0DFDC89E-B12C-42D0-AD5B-32E4B2F7061E}.Debug|Any CPU.ActiveCfg = Debug|Any CPU
		{0DFDC89E-B12C-42D0-AD5B-32E4B2F7061E}.Debug|Any CPU.Build.0 = Debug|Any CPU
		{0DFDC89E-B12C-42D0-AD5B-32E4B2F7061E}.Debug|ARM.ActiveCfg = Debug|Any CPU
		{0DFDC89E-B12C-42D0-AD5B-32E4B2F7061E}.Debug|ARM.Build.0 = Debug|Any CPU
		{0DFDC89E-B12C-42D0-AD5B-32E4B2F7061E}.Debug|ARM64.ActiveCfg = Debug|Any CPU
		{0DFDC89E-B12C-42D0-AD5B-32E4B2F7061E}.Debug|ARM64.Build.0 = Debug|Any CPU
		{0DFDC89E-B12C-42D0-AD5B-32E4B2F7061E}.Debug|iPhone.ActiveCfg = Debug|Any CPU
		{0DFDC89E-B12C-42D0-AD5B-32E4B2F7061E}.Debug|iPhone.Build.0 = Debug|Any CPU
		{0DFDC89E-B12C-42D0-AD5B-32E4B2F7061E}.Debug|iPhoneSimulator.ActiveCfg = Debug|Any CPU
		{0DFDC89E-B12C-42D0-AD5B-32E4B2F7061E}.Debug|iPhoneSimulator.Build.0 = Debug|Any CPU
		{0DFDC89E-B12C-42D0-AD5B-32E4B2F7061E}.Debug|x64.ActiveCfg = Debug|Any CPU
		{0DFDC89E-B12C-42D0-AD5B-32E4B2F7061E}.Debug|x64.Build.0 = Debug|Any CPU
		{0DFDC89E-B12C-42D0-AD5B-32E4B2F7061E}.Debug|x86.ActiveCfg = Debug|Any CPU
		{0DFDC89E-B12C-42D0-AD5B-32E4B2F7061E}.Debug|x86.Build.0 = Debug|Any CPU
		{0DFDC89E-B12C-42D0-AD5B-32E4B2F7061E}.Release|Any CPU.ActiveCfg = Release|Any CPU
		{0DFDC89E-B12C-42D0-AD5B-32E4B2F7061E}.Release|Any CPU.Build.0 = Release|Any CPU
		{0DFDC89E-B12C-42D0-AD5B-32E4B2F7061E}.Release|ARM.ActiveCfg = Release|Any CPU
		{0DFDC89E-B12C-42D0-AD5B-32E4B2F7061E}.Release|ARM.Build.0 = Release|Any CPU
		{0DFDC89E-B12C-42D0-AD5B-32E4B2F7061E}.Release|ARM64.ActiveCfg = Release|Any CPU
		{0DFDC89E-B12C-42D0-AD5B-32E4B2F7061E}.Release|ARM64.Build.0 = Release|Any CPU
		{0DFDC89E-B12C-42D0-AD5B-32E4B2F7061E}.Release|iPhone.ActiveCfg = Release|Any CPU
		{0DFDC89E-B12C-42D0-AD5B-32E4B2F7061E}.Release|iPhone.Build.0 = Release|Any CPU
		{0DFDC89E-B12C-42D0-AD5B-32E4B2F7061E}.Release|iPhoneSimulator.ActiveCfg = Release|Any CPU
		{0DFDC89E-B12C-42D0-AD5B-32E4B2F7061E}.Release|iPhoneSimulator.Build.0 = Release|Any CPU
		{0DFDC89E-B12C-42D0-AD5B-32E4B2F7061E}.Release|x64.ActiveCfg = Release|Any CPU
		{0DFDC89E-B12C-42D0-AD5B-32E4B2F7061E}.Release|x64.Build.0 = Release|Any CPU
		{0DFDC89E-B12C-42D0-AD5B-32E4B2F7061E}.Release|x86.ActiveCfg = Release|Any CPU
		{0DFDC89E-B12C-42D0-AD5B-32E4B2F7061E}.Release|x86.Build.0 = Release|Any CPU
		{BEE647ED-5119-41E0-AC42-218F5C112029}.Debug|Any CPU.ActiveCfg = Debug|Any CPU
		{BEE647ED-5119-41E0-AC42-218F5C112029}.Debug|Any CPU.Build.0 = Debug|Any CPU
		{BEE647ED-5119-41E0-AC42-218F5C112029}.Debug|ARM.ActiveCfg = Debug|Any CPU
		{BEE647ED-5119-41E0-AC42-218F5C112029}.Debug|ARM.Build.0 = Debug|Any CPU
		{BEE647ED-5119-41E0-AC42-218F5C112029}.Debug|ARM64.ActiveCfg = Debug|Any CPU
		{BEE647ED-5119-41E0-AC42-218F5C112029}.Debug|ARM64.Build.0 = Debug|Any CPU
		{BEE647ED-5119-41E0-AC42-218F5C112029}.Debug|iPhone.ActiveCfg = Debug|Any CPU
		{BEE647ED-5119-41E0-AC42-218F5C112029}.Debug|iPhone.Build.0 = Debug|Any CPU
		{BEE647ED-5119-41E0-AC42-218F5C112029}.Debug|iPhoneSimulator.ActiveCfg = Debug|Any CPU
		{BEE647ED-5119-41E0-AC42-218F5C112029}.Debug|iPhoneSimulator.Build.0 = Debug|Any CPU
		{BEE647ED-5119-41E0-AC42-218F5C112029}.Debug|x64.ActiveCfg = Debug|Any CPU
		{BEE647ED-5119-41E0-AC42-218F5C112029}.Debug|x64.Build.0 = Debug|Any CPU
		{BEE647ED-5119-41E0-AC42-218F5C112029}.Debug|x86.ActiveCfg = Debug|Any CPU
		{BEE647ED-5119-41E0-AC42-218F5C112029}.Debug|x86.Build.0 = Debug|Any CPU
		{BEE647ED-5119-41E0-AC42-218F5C112029}.Release|Any CPU.ActiveCfg = Release|Any CPU
		{BEE647ED-5119-41E0-AC42-218F5C112029}.Release|Any CPU.Build.0 = Release|Any CPU
		{BEE647ED-5119-41E0-AC42-218F5C112029}.Release|ARM.ActiveCfg = Release|Any CPU
		{BEE647ED-5119-41E0-AC42-218F5C112029}.Release|ARM.Build.0 = Release|Any CPU
		{BEE647ED-5119-41E0-AC42-218F5C112029}.Release|ARM64.ActiveCfg = Release|Any CPU
		{BEE647ED-5119-41E0-AC42-218F5C112029}.Release|ARM64.Build.0 = Release|Any CPU
		{BEE647ED-5119-41E0-AC42-218F5C112029}.Release|iPhone.ActiveCfg = Release|Any CPU
		{BEE647ED-5119-41E0-AC42-218F5C112029}.Release|iPhone.Build.0 = Release|Any CPU
		{BEE647ED-5119-41E0-AC42-218F5C112029}.Release|iPhoneSimulator.ActiveCfg = Release|Any CPU
		{BEE647ED-5119-41E0-AC42-218F5C112029}.Release|iPhoneSimulator.Build.0 = Release|Any CPU
		{BEE647ED-5119-41E0-AC42-218F5C112029}.Release|x64.ActiveCfg = Release|Any CPU
		{BEE647ED-5119-41E0-AC42-218F5C112029}.Release|x64.Build.0 = Release|Any CPU
		{BEE647ED-5119-41E0-AC42-218F5C112029}.Release|x86.ActiveCfg = Release|Any CPU
		{BEE647ED-5119-41E0-AC42-218F5C112029}.Release|x86.Build.0 = Release|Any CPU
		{4B0A33FE-9E2C-4EC2-95CB-AF359FDABAFD}.Debug|Any CPU.ActiveCfg = Debug|Any CPU
		{4B0A33FE-9E2C-4EC2-95CB-AF359FDABAFD}.Debug|Any CPU.Build.0 = Debug|Any CPU
		{4B0A33FE-9E2C-4EC2-95CB-AF359FDABAFD}.Debug|ARM.ActiveCfg = Debug|Any CPU
		{4B0A33FE-9E2C-4EC2-95CB-AF359FDABAFD}.Debug|ARM.Build.0 = Debug|Any CPU
		{4B0A33FE-9E2C-4EC2-95CB-AF359FDABAFD}.Debug|ARM64.ActiveCfg = Debug|Any CPU
		{4B0A33FE-9E2C-4EC2-95CB-AF359FDABAFD}.Debug|ARM64.Build.0 = Debug|Any CPU
		{4B0A33FE-9E2C-4EC2-95CB-AF359FDABAFD}.Debug|iPhone.ActiveCfg = Debug|Any CPU
		{4B0A33FE-9E2C-4EC2-95CB-AF359FDABAFD}.Debug|iPhone.Build.0 = Debug|Any CPU
		{4B0A33FE-9E2C-4EC2-95CB-AF359FDABAFD}.Debug|iPhoneSimulator.ActiveCfg = Debug|Any CPU
		{4B0A33FE-9E2C-4EC2-95CB-AF359FDABAFD}.Debug|iPhoneSimulator.Build.0 = Debug|Any CPU
		{4B0A33FE-9E2C-4EC2-95CB-AF359FDABAFD}.Debug|x64.ActiveCfg = Debug|Any CPU
		{4B0A33FE-9E2C-4EC2-95CB-AF359FDABAFD}.Debug|x64.Build.0 = Debug|Any CPU
		{4B0A33FE-9E2C-4EC2-95CB-AF359FDABAFD}.Debug|x86.ActiveCfg = Debug|Any CPU
		{4B0A33FE-9E2C-4EC2-95CB-AF359FDABAFD}.Debug|x86.Build.0 = Debug|Any CPU
		{4B0A33FE-9E2C-4EC2-95CB-AF359FDABAFD}.Release|Any CPU.ActiveCfg = Release|Any CPU
		{4B0A33FE-9E2C-4EC2-95CB-AF359FDABAFD}.Release|Any CPU.Build.0 = Release|Any CPU
		{4B0A33FE-9E2C-4EC2-95CB-AF359FDABAFD}.Release|ARM.ActiveCfg = Release|Any CPU
		{4B0A33FE-9E2C-4EC2-95CB-AF359FDABAFD}.Release|ARM.Build.0 = Release|Any CPU
		{4B0A33FE-9E2C-4EC2-95CB-AF359FDABAFD}.Release|ARM64.ActiveCfg = Release|Any CPU
		{4B0A33FE-9E2C-4EC2-95CB-AF359FDABAFD}.Release|ARM64.Build.0 = Release|Any CPU
		{4B0A33FE-9E2C-4EC2-95CB-AF359FDABAFD}.Release|iPhone.ActiveCfg = Release|Any CPU
		{4B0A33FE-9E2C-4EC2-95CB-AF359FDABAFD}.Release|iPhone.Build.0 = Release|Any CPU
		{4B0A33FE-9E2C-4EC2-95CB-AF359FDABAFD}.Release|iPhoneSimulator.ActiveCfg = Release|Any CPU
		{4B0A33FE-9E2C-4EC2-95CB-AF359FDABAFD}.Release|iPhoneSimulator.Build.0 = Release|Any CPU
		{4B0A33FE-9E2C-4EC2-95CB-AF359FDABAFD}.Release|x64.ActiveCfg = Release|Any CPU
		{4B0A33FE-9E2C-4EC2-95CB-AF359FDABAFD}.Release|x64.Build.0 = Release|Any CPU
		{4B0A33FE-9E2C-4EC2-95CB-AF359FDABAFD}.Release|x86.ActiveCfg = Release|Any CPU
		{4B0A33FE-9E2C-4EC2-95CB-AF359FDABAFD}.Release|x86.Build.0 = Release|Any CPU
		{11BC5FCC-D48D-48AB-BD8D-5C1366297E7A}.Debug|Any CPU.ActiveCfg = Debug|x86
		{11BC5FCC-D48D-48AB-BD8D-5C1366297E7A}.Debug|ARM.ActiveCfg = Debug|ARM
		{11BC5FCC-D48D-48AB-BD8D-5C1366297E7A}.Debug|ARM.Build.0 = Debug|ARM
		{11BC5FCC-D48D-48AB-BD8D-5C1366297E7A}.Debug|ARM.Deploy.0 = Debug|ARM
		{11BC5FCC-D48D-48AB-BD8D-5C1366297E7A}.Debug|ARM64.ActiveCfg = Debug|ARM64
		{11BC5FCC-D48D-48AB-BD8D-5C1366297E7A}.Debug|ARM64.Build.0 = Debug|ARM64
		{11BC5FCC-D48D-48AB-BD8D-5C1366297E7A}.Debug|ARM64.Deploy.0 = Debug|ARM64
		{11BC5FCC-D48D-48AB-BD8D-5C1366297E7A}.Debug|iPhone.ActiveCfg = Debug|x86
		{11BC5FCC-D48D-48AB-BD8D-5C1366297E7A}.Debug|iPhoneSimulator.ActiveCfg = Debug|x86
		{11BC5FCC-D48D-48AB-BD8D-5C1366297E7A}.Debug|x64.ActiveCfg = Debug|x64
		{11BC5FCC-D48D-48AB-BD8D-5C1366297E7A}.Debug|x64.Build.0 = Debug|x64
		{11BC5FCC-D48D-48AB-BD8D-5C1366297E7A}.Debug|x64.Deploy.0 = Debug|x64
		{11BC5FCC-D48D-48AB-BD8D-5C1366297E7A}.Debug|x86.ActiveCfg = Debug|x86
		{11BC5FCC-D48D-48AB-BD8D-5C1366297E7A}.Debug|x86.Build.0 = Debug|x86
		{11BC5FCC-D48D-48AB-BD8D-5C1366297E7A}.Debug|x86.Deploy.0 = Debug|x86
		{11BC5FCC-D48D-48AB-BD8D-5C1366297E7A}.Release|Any CPU.ActiveCfg = Release|x86
		{11BC5FCC-D48D-48AB-BD8D-5C1366297E7A}.Release|ARM.ActiveCfg = Release|ARM
		{11BC5FCC-D48D-48AB-BD8D-5C1366297E7A}.Release|ARM.Build.0 = Release|ARM
		{11BC5FCC-D48D-48AB-BD8D-5C1366297E7A}.Release|ARM.Deploy.0 = Release|ARM
		{11BC5FCC-D48D-48AB-BD8D-5C1366297E7A}.Release|ARM64.ActiveCfg = Release|ARM64
		{11BC5FCC-D48D-48AB-BD8D-5C1366297E7A}.Release|ARM64.Build.0 = Release|ARM64
		{11BC5FCC-D48D-48AB-BD8D-5C1366297E7A}.Release|ARM64.Deploy.0 = Release|ARM64
		{11BC5FCC-D48D-48AB-BD8D-5C1366297E7A}.Release|iPhone.ActiveCfg = Release|x86
		{11BC5FCC-D48D-48AB-BD8D-5C1366297E7A}.Release|iPhoneSimulator.ActiveCfg = Release|x86
		{11BC5FCC-D48D-48AB-BD8D-5C1366297E7A}.Release|x64.ActiveCfg = Release|x64
		{11BC5FCC-D48D-48AB-BD8D-5C1366297E7A}.Release|x64.Build.0 = Release|x64
		{11BC5FCC-D48D-48AB-BD8D-5C1366297E7A}.Release|x64.Deploy.0 = Release|x64
		{11BC5FCC-D48D-48AB-BD8D-5C1366297E7A}.Release|x86.ActiveCfg = Release|x86
		{11BC5FCC-D48D-48AB-BD8D-5C1366297E7A}.Release|x86.Build.0 = Release|x86
		{11BC5FCC-D48D-48AB-BD8D-5C1366297E7A}.Release|x86.Deploy.0 = Release|x86
		{F55A2086-D6BC-43CB-88A7-C0AF66CBF397}.Debug|Any CPU.ActiveCfg = Debug|Any CPU
		{F55A2086-D6BC-43CB-88A7-C0AF66CBF397}.Debug|Any CPU.Build.0 = Debug|Any CPU
		{F55A2086-D6BC-43CB-88A7-C0AF66CBF397}.Debug|ARM.ActiveCfg = Debug|Any CPU
		{F55A2086-D6BC-43CB-88A7-C0AF66CBF397}.Debug|ARM.Build.0 = Debug|Any CPU
		{F55A2086-D6BC-43CB-88A7-C0AF66CBF397}.Debug|ARM64.ActiveCfg = Debug|Any CPU
		{F55A2086-D6BC-43CB-88A7-C0AF66CBF397}.Debug|ARM64.Build.0 = Debug|Any CPU
		{F55A2086-D6BC-43CB-88A7-C0AF66CBF397}.Debug|iPhone.ActiveCfg = Debug|Any CPU
		{F55A2086-D6BC-43CB-88A7-C0AF66CBF397}.Debug|iPhone.Build.0 = Debug|Any CPU
		{F55A2086-D6BC-43CB-88A7-C0AF66CBF397}.Debug|iPhoneSimulator.ActiveCfg = Debug|Any CPU
		{F55A2086-D6BC-43CB-88A7-C0AF66CBF397}.Debug|iPhoneSimulator.Build.0 = Debug|Any CPU
		{F55A2086-D6BC-43CB-88A7-C0AF66CBF397}.Debug|x64.ActiveCfg = Debug|Any CPU
		{F55A2086-D6BC-43CB-88A7-C0AF66CBF397}.Debug|x64.Build.0 = Debug|Any CPU
		{F55A2086-D6BC-43CB-88A7-C0AF66CBF397}.Debug|x86.ActiveCfg = Debug|Any CPU
		{F55A2086-D6BC-43CB-88A7-C0AF66CBF397}.Debug|x86.Build.0 = Debug|Any CPU
		{F55A2086-D6BC-43CB-88A7-C0AF66CBF397}.Release|Any CPU.ActiveCfg = Release|Any CPU
		{F55A2086-D6BC-43CB-88A7-C0AF66CBF397}.Release|Any CPU.Build.0 = Release|Any CPU
		{F55A2086-D6BC-43CB-88A7-C0AF66CBF397}.Release|ARM.ActiveCfg = Release|Any CPU
		{F55A2086-D6BC-43CB-88A7-C0AF66CBF397}.Release|ARM.Build.0 = Release|Any CPU
		{F55A2086-D6BC-43CB-88A7-C0AF66CBF397}.Release|ARM64.ActiveCfg = Release|Any CPU
		{F55A2086-D6BC-43CB-88A7-C0AF66CBF397}.Release|ARM64.Build.0 = Release|Any CPU
		{F55A2086-D6BC-43CB-88A7-C0AF66CBF397}.Release|iPhone.ActiveCfg = Release|Any CPU
		{F55A2086-D6BC-43CB-88A7-C0AF66CBF397}.Release|iPhone.Build.0 = Release|Any CPU
		{F55A2086-D6BC-43CB-88A7-C0AF66CBF397}.Release|iPhoneSimulator.ActiveCfg = Release|Any CPU
		{F55A2086-D6BC-43CB-88A7-C0AF66CBF397}.Release|iPhoneSimulator.Build.0 = Release|Any CPU
		{F55A2086-D6BC-43CB-88A7-C0AF66CBF397}.Release|x64.ActiveCfg = Release|Any CPU
		{F55A2086-D6BC-43CB-88A7-C0AF66CBF397}.Release|x64.Build.0 = Release|Any CPU
		{F55A2086-D6BC-43CB-88A7-C0AF66CBF397}.Release|x86.ActiveCfg = Release|Any CPU
		{F55A2086-D6BC-43CB-88A7-C0AF66CBF397}.Release|x86.Build.0 = Release|Any CPU
		{64E41458-28A2-4564-B9D4-8E1A2FCB7195}.Debug|Any CPU.ActiveCfg = Debug|Any CPU
		{64E41458-28A2-4564-B9D4-8E1A2FCB7195}.Debug|Any CPU.Build.0 = Debug|Any CPU
		{64E41458-28A2-4564-B9D4-8E1A2FCB7195}.Debug|ARM.ActiveCfg = Debug|Any CPU
		{64E41458-28A2-4564-B9D4-8E1A2FCB7195}.Debug|ARM.Build.0 = Debug|Any CPU
		{64E41458-28A2-4564-B9D4-8E1A2FCB7195}.Debug|ARM64.ActiveCfg = Debug|Any CPU
		{64E41458-28A2-4564-B9D4-8E1A2FCB7195}.Debug|ARM64.Build.0 = Debug|Any CPU
		{64E41458-28A2-4564-B9D4-8E1A2FCB7195}.Debug|iPhone.ActiveCfg = Debug|Any CPU
		{64E41458-28A2-4564-B9D4-8E1A2FCB7195}.Debug|iPhone.Build.0 = Debug|Any CPU
		{64E41458-28A2-4564-B9D4-8E1A2FCB7195}.Debug|iPhoneSimulator.ActiveCfg = Debug|Any CPU
		{64E41458-28A2-4564-B9D4-8E1A2FCB7195}.Debug|iPhoneSimulator.Build.0 = Debug|Any CPU
		{64E41458-28A2-4564-B9D4-8E1A2FCB7195}.Debug|x64.ActiveCfg = Debug|Any CPU
		{64E41458-28A2-4564-B9D4-8E1A2FCB7195}.Debug|x64.Build.0 = Debug|Any CPU
		{64E41458-28A2-4564-B9D4-8E1A2FCB7195}.Debug|x86.ActiveCfg = Debug|Any CPU
		{64E41458-28A2-4564-B9D4-8E1A2FCB7195}.Debug|x86.Build.0 = Debug|Any CPU
		{64E41458-28A2-4564-B9D4-8E1A2FCB7195}.Release|Any CPU.ActiveCfg = Release|Any CPU
		{64E41458-28A2-4564-B9D4-8E1A2FCB7195}.Release|Any CPU.Build.0 = Release|Any CPU
		{64E41458-28A2-4564-B9D4-8E1A2FCB7195}.Release|ARM.ActiveCfg = Release|Any CPU
		{64E41458-28A2-4564-B9D4-8E1A2FCB7195}.Release|ARM.Build.0 = Release|Any CPU
		{64E41458-28A2-4564-B9D4-8E1A2FCB7195}.Release|ARM64.ActiveCfg = Release|Any CPU
		{64E41458-28A2-4564-B9D4-8E1A2FCB7195}.Release|ARM64.Build.0 = Release|Any CPU
		{64E41458-28A2-4564-B9D4-8E1A2FCB7195}.Release|iPhone.ActiveCfg = Release|Any CPU
		{64E41458-28A2-4564-B9D4-8E1A2FCB7195}.Release|iPhone.Build.0 = Release|Any CPU
		{64E41458-28A2-4564-B9D4-8E1A2FCB7195}.Release|iPhoneSimulator.ActiveCfg = Release|Any CPU
		{64E41458-28A2-4564-B9D4-8E1A2FCB7195}.Release|iPhoneSimulator.Build.0 = Release|Any CPU
		{64E41458-28A2-4564-B9D4-8E1A2FCB7195}.Release|x64.ActiveCfg = Release|Any CPU
		{64E41458-28A2-4564-B9D4-8E1A2FCB7195}.Release|x64.Build.0 = Release|Any CPU
		{64E41458-28A2-4564-B9D4-8E1A2FCB7195}.Release|x86.ActiveCfg = Release|Any CPU
		{64E41458-28A2-4564-B9D4-8E1A2FCB7195}.Release|x86.Build.0 = Release|Any CPU
	EndGlobalSection
	GlobalSection(SolutionProperties) = preSolution
		HideSolutionNode = FALSE
	EndGlobalSection
	GlobalSection(NestedProjects) = preSolution
		{F9C4BF1A-6709-46CA-AD06-12BE4107B464} = {8441BBEB-F049-4192-867C-863A404ACACB}
		{DEA60F70-3E84-4E2F-84A6-75EF09B0D627} = {8441BBEB-F049-4192-867C-863A404ACACB}
		{75A3E09C-C1AB-47D1-B8CB-E67540D07282} = {8E32D121-0C22-4442-AF8A-B1FD058E391F}
		{CAD5CA20-3D19-43FB-82C7-DC89F966E3C4} = {8E32D121-0C22-4442-AF8A-B1FD058E391F}
		{0DFDC89E-B12C-42D0-AD5B-32E4B2F7061E} = {06016202-A931-45E9-A0A6-733A6F7F0D69}
		{11BC5FCC-D48D-48AB-BD8D-5C1366297E7A} = {DEEFE691-9C6F-4B56-99B1-ECB44027B126}
	EndGlobalSection
	GlobalSection(ExtensibilityGlobals) = postSolution
		SolutionGuid = {CF4DBB9B-3CD4-43BE-A45E-1385AFEE7DDE}
	EndGlobalSection
EndGlobal
